
Microsoft Visual Studio Solution File, Format Version 12.00
# Visual Studio Version 16
VisualStudioVersion = 16.0.32407.337
MinimumVisualStudioVersion = 10.0.40219.1
Project("{FAE04EC0-301F-11D3-BF4B-00C04F79EFBC}") = "Rendicionador", "Rendicionador\Rendicionador.csproj", "{55C0ED0D-A9A7-4C3F-9858-603A15A4FD4B}"
EndProject
Project("{FAE04EC0-301F-11D3-BF4B-00C04F79EFBC}") = "Entidades", "Entidades\Entidades.csproj", "{2ED1582C-3A98-4B83-8092-2043A90BD674}"
EndProject
Global
	GlobalSection(SolutionConfigurationPlatforms) = preSolution
		Debug|Any CPU = Debug|Any CPU
		Release|Any CPU = Release|Any CPU
	EndGlobalSection
	GlobalSection(ProjectConfigurationPlatforms) = postSolution
		{55C0ED0D-A9A7-4C3F-9858-603A15A4FD4B}.Debug|Any CPU.ActiveCfg = Debug|Any CPU
		{55C0ED0D-A9A7-4C3F-9858-603A15A4FD4B}.Debug|Any CPU.Build.0 = Debug|Any CPU
		{55C0ED0D-A9A7-4C3F-9858-603A15A4FD4B}.Release|Any CPU.ActiveCfg = Release|Any CPU
		{55C0ED0D-A9A7-4C3F-9858-603A15A4FD4B}.Release|Any CPU.Build.0 = Release|Any CPU
		{2ED1582C-3A98-4B83-8092-2043A90BD674}.Debug|Any CPU.ActiveCfg = Debug|Any CPU
		{2ED1582C-3A98-4B83-8092-2043A90BD674}.Debug|Any CPU.Build.0 = Debug|Any CPU
		{2ED1582C-3A98-4B83-8092-2043A90BD674}.Release|Any CPU.ActiveCfg = Release|Any CPU
		{2ED1582C-3A98-4B83-8092-2043A90BD674}.Release|Any CPU.Build.0 = Release|Any CPU
	EndGlobalSection
	GlobalSection(SolutionProperties) = preSolution
		HideSolutionNode = FALSE
	EndGlobalSection
	GlobalSection(ExtensibilityGlobals) = postSolution
		SolutionGuid = {0073AC0C-B74E-4CDB-9EB5-810DA4279A10}
	EndGlobalSection
EndGlobal
